
Microsoft Visual Studio Solution File, Format Version 12.00
# Visual Studio Version 17
VisualStudioVersion = 17.4.33110.190
MinimumVisualStudioVersion = 10.0.40219.1
Project("{FAE04EC0-301F-11D3-BF4B-00C04F79EFBC}") = "SOLIDPrinciples_", "SOLIDPrinciples_\SOLIDPrinciples_.csproj", "{D3378E95-883A-4158-A229-8F961EBFEF96}"
EndProject
Global
	GlobalSection(SolutionConfigurationPlatforms) = preSolution
		Debug|Any CPU = Debug|Any CPU
		Release|Any CPU = Release|Any CPU
	EndGlobalSection
	GlobalSection(ProjectConfigurationPlatforms) = postSolution
		{D3378E95-883A-4158-A229-8F961EBFEF96}.Debug|Any CPU.ActiveCfg = Debug|Any CPU
		{D3378E95-883A-4158-A229-8F961EBFEF96}.Debug|Any CPU.Build.0 = Debug|Any CPU
		{D3378E95-883A-4158-A229-8F961EBFEF96}.Release|Any CPU.ActiveCfg = Release|Any CPU
		{D3378E95-883A-4158-A229-8F961EBFEF96}.Release|Any CPU.Build.0 = Release|Any CPU
	EndGlobalSection
	GlobalSection(SolutionProperties) = preSolution
		HideSolutionNode = FALSE
	EndGlobalSection
	GlobalSection(ExtensibilityGlobals) = postSolution
		SolutionGuid = {099E6508-C394-4715-9A8B-088994DFAD7A}
	EndGlobalSection
EndGlobal
